{
  "version": 4,
  "terraform_version": "1.2.6",
  "serial": 14,
  "lineage": "a702be0b-f55f-cac0-ec16-b1339c5f91f4",
  "outputs": {},
  "resources": [
    {
      "mode": "managed",
      "type": "azurerm_application_insights",
      "name": "default",
      "provider": "provider[\"registry.terraform.io/hashicorp/azurerm\"]",
      "instances": [
        {
          "schema_version": 1,
          "attributes": {
            "app_id": "cbba758d-ade5-462a-be82-9c5b31a08afd",
            "application_type": "web",
            "connection_string": "InstrumentationKey=6ba5eafa-089b-4370-8f5b-caa7c4f77de5;IngestionEndpoint=https://eastus2-0.in.applicationinsights.azure.com/;LiveEndpoint=https://eastus2.livediagnostics.monitor.azure.com/",
            "daily_data_cap_in_gb": 100,
            "daily_data_cap_notifications_disabled": false,
            "disable_ip_masking": false,
            "force_customer_storage_for_profiler": false,
            "id": "/subscriptions/5202b9f0-5993-4c80-a4f6-23a4fe430389/resourceGroups/myTFResourceGroup/providers/Microsoft.Insights/components/appi-testjhes-dev",
            "instrumentation_key": "6ba5eafa-089b-4370-8f5b-caa7c4f77de5",
            "internet_ingestion_enabled": true,
            "internet_query_enabled": true,
            "local_authentication_disabled": false,
            "location": "eastus2",
            "name": "appi-testjhes-dev",
            "resource_group_name": "myTFResourceGroup",
            "retention_in_days": 90,
            "sampling_percentage": 100,
            "tags": null,
            "timeouts": null,
            "workspace_id": null
          },
          "sensitive_attributes": [],
          "private": "eyJlMmJmYjczMC1lY2FhLTExZTYtOGY4OC0zNDM2M2JjN2M0YzAiOnsiY3JlYXRlIjozNjAwMDAwMDAwMDAwLCJkZWxldGUiOjE4MDAwMDAwMDAwMDAsInJlYWQiOjMwMDAwMDAwMDAwMCwidXBkYXRlIjoxODAwMDAwMDAwMDAwfSwic2NoZW1hX3ZlcnNpb24iOiIxIn0="
        }
      ]
    },
    {
      "mode": "managed",
      "type": "azurerm_container_registry",
      "name": "default",
      "provider": "provider[\"registry.terraform.io/hashicorp/azurerm\"]",
      "instances": [
        {
          "schema_version": 2,
          "attributes": {
            "admin_enabled": true,
            "admin_password": "UiyG2a5=Eg2TvZmmnPVCNJVo2Aahva1j",
            "admin_username": "testmlcrhartwig",
            "anonymous_pull_enabled": false,
            "data_endpoint_enabled": false,
            "encryption": [
              {
                "enabled": false,
                "identity_client_id": "",
                "key_vault_key_id": ""
              }
            ],
            "export_policy_enabled": true,
            "georeplications": [],
            "id": "/subscriptions/5202b9f0-5993-4c80-a4f6-23a4fe430389/resourceGroups/myTFResourceGroup/providers/Microsoft.ContainerRegistry/registries/testmlcrhartwig",
            "identity": [],
            "location": "eastus2",
            "login_server": "testmlcrhartwig.azurecr.io",
            "name": "testmlcrhartwig",
            "network_rule_bypass_option": "AzureServices",
            "network_rule_set": [
              {
                "default_action": "Allow",
                "ip_rule": [],
                "virtual_network": []
              }
            ],
            "public_network_access_enabled": true,
            "quarantine_policy_enabled": false,
            "resource_group_name": "myTFResourceGroup",
            "retention_policy": [
              {
                "days": 7,
                "enabled": false
              }
            ],
            "sku": "Premium",
            "tags": null,
            "timeouts": null,
            "trust_policy": [
              {
                "enabled": false
              }
            ],
            "zone_redundancy_enabled": false
          },
          "sensitive_attributes": [],
          "private": "eyJlMmJmYjczMC1lY2FhLTExZTYtOGY4OC0zNDM2M2JjN2M0YzAiOnsiY3JlYXRlIjoxODAwMDAwMDAwMDAwLCJkZWxldGUiOjE4MDAwMDAwMDAwMDAsInJlYWQiOjMwMDAwMDAwMDAwMCwidXBkYXRlIjoxODAwMDAwMDAwMDAwfSwic2NoZW1hX3ZlcnNpb24iOiIyIn0="
        }
      ]
    },
    {
      "mode": "managed",
      "type": "azurerm_key_vault",
      "name": "default",
      "provider": "provider[\"registry.terraform.io/hashicorp/azurerm\"]",
      "instances": [
        {
          "schema_version": 2,
          "attributes": {
            "access_policy": [],
            "contact": [],
            "enable_rbac_authorization": false,
            "enabled_for_deployment": false,
            "enabled_for_disk_encryption": false,
            "enabled_for_template_deployment": false,
            "id": "/subscriptions/5202b9f0-5993-4c80-a4f6-23a4fe430389/resourceGroups/myTFResourceGroup/providers/Microsoft.KeyVault/vaults/kv-testjhes-dev",
            "location": "eastus2",
            "name": "kv-testjhes-dev",
            "network_acls": [
              {
                "bypass": "AzureServices",
                "default_action": "Allow",
                "ip_rules": [],
                "virtual_network_subnet_ids": []
              }
            ],
            "purge_protection_enabled": false,
            "resource_group_name": "myTFResourceGroup",
            "sku_name": "premium",
            "soft_delete_retention_days": 90,
            "tags": null,
            "tenant_id": "a509f6ea-b175-4e5a-8916-d29ad8cf40d6",
            "timeouts": null,
            "vault_uri": "https://kv-testjhes-dev.vault.azure.net/"
          },
          "sensitive_attributes": [],
          "private": "eyJlMmJmYjczMC1lY2FhLTExZTYtOGY4OC0zNDM2M2JjN2M0YzAiOnsiY3JlYXRlIjoxODAwMDAwMDAwMDAwLCJkZWxldGUiOjE4MDAwMDAwMDAwMDAsInJlYWQiOjMwMDAwMDAwMDAwMCwidXBkYXRlIjoxODAwMDAwMDAwMDAwfSwic2NoZW1hX3ZlcnNpb24iOiIyIn0="
        }
      ]
    },
    {
      "mode": "managed",
      "type": "azurerm_machine_learning_workspace",
      "name": "default",
      "provider": "provider[\"registry.terraform.io/hashicorp/azurerm\"]",
      "instances": [
        {
          "schema_version": 0,
          "attributes": {
            "application_insights_id": "/subscriptions/5202b9f0-5993-4c80-a4f6-23a4fe430389/resourceGroups/myTFResourceGroup/providers/Microsoft.insights/components/appi-testjhes-dev",
            "container_registry_id": "/subscriptions/5202b9f0-5993-4c80-a4f6-23a4fe430389/resourceGroups/myTFResourceGroup/providers/Microsoft.ContainerRegistry/registries/testmlcrhartwig",
            "description": "",
            "discovery_url": "https://eastus2.api.azureml.ms/discovery",
            "encryption": [],
            "friendly_name": "",
            "high_business_impact": false,
            "id": "/subscriptions/5202b9f0-5993-4c80-a4f6-23a4fe430389/resourceGroups/myTFResourceGroup/providers/Microsoft.MachineLearningServices/workspaces/mlw-testjhes-dev",
            "identity": [
              {
                "identity_ids": null,
                "principal_id": "2e5f7a42-4a8b-4932-945a-e0cbbd11d3ae",
                "tenant_id": "a509f6ea-b175-4e5a-8916-d29ad8cf40d6",
                "type": "SystemAssigned"
              }
            ],
            "image_build_compute_name": "",
            "key_vault_id": "/subscriptions/5202b9f0-5993-4c80-a4f6-23a4fe430389/resourceGroups/myTFResourceGroup/providers/Microsoft.Keyvault/vaults/kv-testjhes-dev",
            "location": "eastus2",
            "name": "mlw-testjhes-dev",
            "primary_user_assigned_identity": "",
            "public_network_access_enabled": true,
            "resource_group_name": "myTFResourceGroup",
            "sku_name": "Basic",
            "storage_account_id": "/subscriptions/5202b9f0-5993-4c80-a4f6-23a4fe430389/resourceGroups/myTFResourceGroup/providers/Microsoft.Storage/storageAccounts/testmlsahartwig",
            "tags": null,
            "timeouts": null
          },
          "sensitive_attributes": [],
          "private": "eyJlMmJmYjczMC1lY2FhLTExZTYtOGY4OC0zNDM2M2JjN2M0YzAiOnsiY3JlYXRlIjoxODAwMDAwMDAwMDAwLCJkZWxldGUiOjE4MDAwMDAwMDAwMDAsInJlYWQiOjMwMDAwMDAwMDAwMCwidXBkYXRlIjoxODAwMDAwMDAwMDAwfX0=",
          "dependencies": [
            "azurerm_application_insights.default",
            "azurerm_container_registry.default",
            "azurerm_key_vault.default",
            "azurerm_storage_account.default"
          ]
        }
      ]
    },
    {
      "mode": "managed",
      "type": "azurerm_resource_group",
      "name": "rg",
      "provider": "provider[\"registry.terraform.io/hashicorp/azurerm\"]",
      "instances": [
        {
          "schema_version": 0,
          "attributes": {
            "id": "/subscriptions/5202b9f0-5993-4c80-a4f6-23a4fe430389/resourceGroups/myTFResourceGroup",
            "location": "eastus2",
            "name": "myTFResourceGroup",
            "tags": {},
            "timeouts": null
          },
          "sensitive_attributes": [],
          "private": "eyJlMmJmYjczMC1lY2FhLTExZTYtOGY4OC0zNDM2M2JjN2M0YzAiOnsiY3JlYXRlIjo1NDAwMDAwMDAwMDAwLCJkZWxldGUiOjU0MDAwMDAwMDAwMDAsInJlYWQiOjMwMDAwMDAwMDAwMCwidXBkYXRlIjo1NDAwMDAwMDAwMDAwfX0="
        }
      ]
    },
    {
      "mode": "managed",
      "type": "azurerm_storage_account",
      "name": "default",
      "provider": "provider[\"registry.terraform.io/hashicorp/azurerm\"]",
      "instances": [
        {
          "schema_version": 3,
          "attributes": {
            "access_tier": "Hot",
            "account_kind": "StorageV2",
            "account_replication_type": "GRS",
            "account_tier": "Standard",
            "allow_nested_items_to_be_public": true,
            "azure_files_authentication": [],
            "blob_properties": [
              {
                "change_feed_enabled": false,
                "container_delete_retention_policy": [],
                "cors_rule": [],
                "default_service_version": "",
                "delete_retention_policy": [],
                "last_access_time_enabled": false,
                "versioning_enabled": false
              }
            ],
            "custom_domain": [],
            "customer_managed_key": [],
            "edge_zone": "",
            "enable_https_traffic_only": true,
            "id": "/subscriptions/5202b9f0-5993-4c80-a4f6-23a4fe430389/resourceGroups/myTFResourceGroup/providers/Microsoft.Storage/storageAccounts/testmlsahartwig",
            "identity": [],
            "infrastructure_encryption_enabled": false,
            "is_hns_enabled": false,
            "large_file_share_enabled": null,
            "location": "eastus2",
            "min_tls_version": "TLS1_2",
            "name": "testmlsahartwig",
            "network_rules": [
              {
                "bypass": [
                  "AzureServices"
                ],
                "default_action": "Allow",
                "ip_rules": [],
                "private_link_access": [],
                "virtual_network_subnet_ids": []
              }
            ],
            "nfsv3_enabled": false,
            "primary_access_key": "SyqSycOD/uVqLgps5VqGN8gpRIap53cHr3+lATOSXx3WUyIYDYt8O8LKbFy9TjPd+poDymBcVKwN+AStlu7FdQ==",
            "primary_blob_connection_string": "DefaultEndpointsProtocol=https;BlobEndpoint=https://testmlsahartwig.blob.core.windows.net/;AccountName=testmlsahartwig;AccountKey=SyqSycOD/uVqLgps5VqGN8gpRIap53cHr3+lATOSXx3WUyIYDYt8O8LKbFy9TjPd+poDymBcVKwN+AStlu7FdQ==",
            "primary_blob_endpoint": "https://testmlsahartwig.blob.core.windows.net/",
            "primary_blob_host": "testmlsahartwig.blob.core.windows.net",
            "primary_connection_string": "DefaultEndpointsProtocol=https;AccountName=testmlsahartwig;AccountKey=SyqSycOD/uVqLgps5VqGN8gpRIap53cHr3+lATOSXx3WUyIYDYt8O8LKbFy9TjPd+poDymBcVKwN+AStlu7FdQ==;EndpointSuffix=core.windows.net",
            "primary_dfs_endpoint": "https://testmlsahartwig.dfs.core.windows.net/",
            "primary_dfs_host": "testmlsahartwig.dfs.core.windows.net",
            "primary_file_endpoint": "https://testmlsahartwig.file.core.windows.net/",
            "primary_file_host": "testmlsahartwig.file.core.windows.net",
            "primary_location": "eastus2",
            "primary_queue_endpoint": "https://testmlsahartwig.queue.core.windows.net/",
            "primary_queue_host": "testmlsahartwig.queue.core.windows.net",
            "primary_table_endpoint": "https://testmlsahartwig.table.core.windows.net/",
            "primary_table_host": "testmlsahartwig.table.core.windows.net",
            "primary_web_endpoint": "https://testmlsahartwig.z20.web.core.windows.net/",
            "primary_web_host": "testmlsahartwig.z20.web.core.windows.net",
            "queue_encryption_key_type": "Service",
            "queue_properties": [
              {
                "cors_rule": [],
                "hour_metrics": [
                  {
                    "enabled": true,
                    "include_apis": true,
                    "retention_policy_days": 7,
                    "version": "1.0"
                  }
                ],
                "logging": [
                  {
                    "delete": false,
                    "read": false,
                    "retention_policy_days": 0,
                    "version": "1.0",
                    "write": false
                  }
                ],
                "minute_metrics": [
                  {
                    "enabled": false,
                    "include_apis": false,
                    "retention_policy_days": 0,
                    "version": "1.0"
                  }
                ]
              }
            ],
            "resource_group_name": "myTFResourceGroup",
            "routing": [],
            "secondary_access_key": "OdDBi6TsclQBbAu0h8MkUaB6HLTkimx6PNuO1Tp0EhRZK+V5xisouDU3eIRZls49eGNsssBZnA8R+AStI3NKwg==",
            "secondary_blob_connection_string": "",
            "secondary_blob_endpoint": null,
            "secondary_blob_host": null,
            "secondary_connection_string": "DefaultEndpointsProtocol=https;AccountName=testmlsahartwig;AccountKey=OdDBi6TsclQBbAu0h8MkUaB6HLTkimx6PNuO1Tp0EhRZK+V5xisouDU3eIRZls49eGNsssBZnA8R+AStI3NKwg==;EndpointSuffix=core.windows.net",
            "secondary_dfs_endpoint": null,
            "secondary_dfs_host": null,
            "secondary_file_endpoint": null,
            "secondary_file_host": null,
            "secondary_location": "centralus",
            "secondary_queue_endpoint": null,
            "secondary_queue_host": null,
            "secondary_table_endpoint": null,
            "secondary_table_host": null,
            "secondary_web_endpoint": null,
            "secondary_web_host": null,
            "share_properties": [
              {
                "cors_rule": [],
                "retention_policy": [
                  {
                    "days": 7
                  }
                ],
                "smb": []
              }
            ],
            "shared_access_key_enabled": true,
            "static_website": [],
            "table_encryption_key_type": "Service",
            "tags": null,
            "timeouts": null
          },
          "sensitive_attributes": [],
          "private": "eyJlMmJmYjczMC1lY2FhLTExZTYtOGY4OC0zNDM2M2JjN2M0YzAiOnsiY3JlYXRlIjozNjAwMDAwMDAwMDAwLCJkZWxldGUiOjM2MDAwMDAwMDAwMDAsInJlYWQiOjMwMDAwMDAwMDAwMCwidXBkYXRlIjozNjAwMDAwMDAwMDAwfSwic2NoZW1hX3ZlcnNpb24iOiIzIn0="
        }
      ]
    }
  ]
}
